
Microsoft Visual Studio Solution File, Format Version 12.00
# Visual Studio Version 17
VisualStudioVersion = 17.1.32421.90
MinimumVisualStudioVersion = 10.0.40219.1
Project("{9A19103F-16F7-4668-BE54-9A1E7A4F7556}") = "McTotp.UI", "McTotp.UI\McTotp.UI.csproj", "{A4F2F4FB-D103-4D39-8055-796417B85CF9}"
EndProject
Project("{9A19103F-16F7-4668-BE54-9A1E7A4F7556}") = "McTotp", "McTotp\McTotp.csproj", "{1079F16E-3E80-4694-AD05-7FC88D6D2957}"
EndProject
Project("{FAE04EC0-301F-11D3-BF4B-00C04F79EFBC}") = "McTotp.Test", "McTotp.Test\McTotp.Test.csproj", "{6FB8D2CF-A0C6-4894-BE39-32B4E7328C6F}"
EndProject
Global
	GlobalSection(SolutionConfigurationPlatforms) = preSolution
		Debug|Any CPU = Debug|Any CPU
		Release|Any CPU = Release|Any CPU
	EndGlobalSection
	GlobalSection(ProjectConfigurationPlatforms) = postSolution
		{A4F2F4FB-D103-4D39-8055-796417B85CF9}.Debug|Any CPU.ActiveCfg = Debug|Any CPU
		{A4F2F4FB-D103-4D39-8055-796417B85CF9}.Debug|Any CPU.Build.0 = Debug|Any CPU
		{A4F2F4FB-D103-4D39-8055-796417B85CF9}.Release|Any CPU.ActiveCfg = Release|Any CPU
		{A4F2F4FB-D103-4D39-8055-796417B85CF9}.Release|Any CPU.Build.0 = Release|Any CPU
		{1079F16E-3E80-4694-AD05-7FC88D6D2957}.Debug|Any CPU.ActiveCfg = Debug|Any CPU
		{1079F16E-3E80-4694-AD05-7FC88D6D2957}.Debug|Any CPU.Build.0 = Debug|Any CPU
		{1079F16E-3E80-4694-AD05-7FC88D6D2957}.Release|Any CPU.ActiveCfg = Release|Any CPU
		{1079F16E-3E80-4694-AD05-7FC88D6D2957}.Release|Any CPU.Build.0 = Release|Any CPU
		{6FB8D2CF-A0C6-4894-BE39-32B4E7328C6F}.Debug|Any CPU.ActiveCfg = Debug|Any CPU
		{6FB8D2CF-A0C6-4894-BE39-32B4E7328C6F}.Debug|Any CPU.Build.0 = Debug|Any CPU
		{6FB8D2CF-A0C6-4894-BE39-32B4E7328C6F}.Release|Any CPU.ActiveCfg = Release|Any CPU
		{6FB8D2CF-A0C6-4894-BE39-32B4E7328C6F}.Release|Any CPU.Build.0 = Release|Any CPU
	EndGlobalSection
	GlobalSection(SolutionProperties) = preSolution
		HideSolutionNode = FALSE
	EndGlobalSection
	GlobalSection(ExtensibilityGlobals) = postSolution
		SolutionGuid = {4FD1CE98-5A26-4C6D-B80C-38625502D88C}
	EndGlobalSection
EndGlobal
